// !$*UTF8*$!
{
	archiveVersion = 1;
	classes = {
	};
	objectVersion = 56;
	objects = {

/* Begin PBXBuildFile section */
		150A86CD2A2AC6A3D5CCD419 /* Pods_EngVocab.framework in Frameworks */ = {isa = PBXBuildFile; fileRef = 2E8DAFC8B402809506193651 /* Pods_EngVocab.framework */; };
		6AEF4C4029AB3782DFA26554 /* Pods_EngVocabTests.framework in Frameworks */ = {isa = PBXBuildFile; fileRef = E9FA2C6131D8B6A060AE719D /* Pods_EngVocabTests.framework */; };
		A06D4F602990080000E93979 /* AppDelegate.swift in Sources */ = {isa = PBXBuildFile; fileRef = A06D4F5F2990080000E93979 /* AppDelegate.swift */; };
		A06D4F622990080000E93979 /* SceneDelegate.swift in Sources */ = {isa = PBXBuildFile; fileRef = A06D4F612990080000E93979 /* SceneDelegate.swift */; };
		A06D4F642990080000E93979 /* ViewController.swift in Sources */ = {isa = PBXBuildFile; fileRef = A06D4F632990080000E93979 /* ViewController.swift */; };
		A06D4F672990080000E93979 /* Main.storyboard in Resources */ = {isa = PBXBuildFile; fileRef = A06D4F652990080000E93979 /* Main.storyboard */; };
		A06D4F692990080100E93979 /* Assets.xcassets in Resources */ = {isa = PBXBuildFile; fileRef = A06D4F682990080100E93979 /* Assets.xcassets */; };
		A06D4F6C2990080100E93979 /* LaunchScreen.storyboard in Resources */ = {isa = PBXBuildFile; fileRef = A06D4F6A2990080100E93979 /* LaunchScreen.storyboard */; };
		A06D4F772990080100E93979 /* EngVocabTests.swift in Sources */ = {isa = PBXBuildFile; fileRef = A06D4F762990080100E93979 /* EngVocabTests.swift */; };
		A06D4F812990080100E93979 /* EngVocabUITests.swift in Sources */ = {isa = PBXBuildFile; fileRef = A06D4F802990080100E93979 /* EngVocabUITests.swift */; };
		A06D4F832990080100E93979 /* EngVocabUITestsLaunchTests.swift in Sources */ = {isa = PBXBuildFile; fileRef = A06D4F822990080100E93979 /* EngVocabUITestsLaunchTests.swift */; };
		E7C10353F37C769A256FA101 /* Pods_EngVocab_EngVocabUITests.framework in Frameworks */ = {isa = PBXBuildFile; fileRef = 6385835E9AEC46F2D45B655D /* Pods_EngVocab_EngVocabUITests.framework */; };
/* End PBXBuildFile section */

/* Begin PBXContainerItemProxy section */
		A06D4F732990080100E93979 /* PBXContainerItemProxy */ = {
			isa = PBXContainerItemProxy;
			containerPortal = A06D4F542990080000E93979 /* Project object */;
			proxyType = 1;
			remoteGlobalIDString = A06D4F5B2990080000E93979;
			remoteInfo = EngVocab;
		};
		A06D4F7D2990080100E93979 /* PBXContainerItemProxy */ = {
			isa = PBXContainerItemProxy;
			containerPortal = A06D4F542990080000E93979 /* Project object */;
			proxyType = 1;
			remoteGlobalIDString = A06D4F5B2990080000E93979;
			remoteInfo = EngVocab;
		};
/* End PBXContainerItemProxy section */

/* Begin PBXFileReference section */
		17A603A30BED6834727E4D5E /* Pods-EngVocab.debug.xcconfig */ = {isa = PBXFileReference; includeInIndex = 1; lastKnownFileType = text.xcconfig; name = "Pods-EngVocab.debug.xcconfig"; path = "Target Support Files/Pods-EngVocab/Pods-EngVocab.debug.xcconfig"; sourceTree = "<group>"; };
		2E8DAFC8B402809506193651 /* Pods_EngVocab.framework */ = {isa = PBXFileReference; explicitFileType = wrapper.framework; includeInIndex = 0; path = Pods_EngVocab.framework; sourceTree = BUILT_PRODUCTS_DIR; };
		3BA2E4253C67AA6A76DE6BCA /* Pods-EngVocab-EngVocabUITests.debug.xcconfig */ = {isa = PBXFileReference; includeInIndex = 1; lastKnownFileType = text.xcconfig; name = "Pods-EngVocab-EngVocabUITests.debug.xcconfig"; path = "Target Support Files/Pods-EngVocab-EngVocabUITests/Pods-EngVocab-EngVocabUITests.debug.xcconfig"; sourceTree = "<group>"; };
		6043781C9CB334048A8F0C67 /* Pods-EngVocab-EngVocabUITests.release.xcconfig */ = {isa = PBXFileReference; includeInIndex = 1; lastKnownFileType = text.xcconfig; name = "Pods-EngVocab-EngVocabUITests.release.xcconfig"; path = "Target Support Files/Pods-EngVocab-EngVocabUITests/Pods-EngVocab-EngVocabUITests.release.xcconfig"; sourceTree = "<group>"; };
		6385835E9AEC46F2D45B655D /* Pods_EngVocab_EngVocabUITests.framework */ = {isa = PBXFileReference; explicitFileType = wrapper.framework; includeInIndex = 0; path = Pods_EngVocab_EngVocabUITests.framework; sourceTree = BUILT_PRODUCTS_DIR; };
		A06D4F5C2990080000E93979 /* EngVocab.app */ = {isa = PBXFileReference; explicitFileType = wrapper.application; includeInIndex = 0; path = EngVocab.app; sourceTree = BUILT_PRODUCTS_DIR; };
		A06D4F5F2990080000E93979 /* AppDelegate.swift */ = {isa = PBXFileReference; lastKnownFileType = sourcecode.swift; path = AppDelegate.swift; sourceTree = "<group>"; };
		A06D4F612990080000E93979 /* SceneDelegate.swift */ = {isa = PBXFileReference; lastKnownFileType = sourcecode.swift; path = SceneDelegate.swift; sourceTree = "<group>"; };
		A06D4F632990080000E93979 /* ViewController.swift */ = {isa = PBXFileReference; lastKnownFileType = sourcecode.swift; path = ViewController.swift; sourceTree = "<group>"; };
		A06D4F662990080000E93979 /* Base */ = {isa = PBXFileReference; lastKnownFileType = file.storyboard; name = Base; path = Base.lproj/Main.storyboard; sourceTree = "<group>"; };
		A06D4F682990080100E93979 /* Assets.xcassets */ = {isa = PBXFileReference; lastKnownFileType = folder.assetcatalog; path = Assets.xcassets; sourceTree = "<group>"; };
		A06D4F6B2990080100E93979 /* Base */ = {isa = PBXFileReference; lastKnownFileType = file.storyboard; name = Base; path = Base.lproj/LaunchScreen.storyboard; sourceTree = "<group>"; };
		A06D4F6D2990080100E93979 /* Info.plist */ = {isa = PBXFileReference; lastKnownFileType = text.plist.xml; path = Info.plist; sourceTree = "<group>"; };
		A06D4F722990080100E93979 /* EngVocabTests.xctest */ = {isa = PBXFileReference; explicitFileType = wrapper.cfbundle; includeInIndex = 0; path = EngVocabTests.xctest; sourceTree = BUILT_PRODUCTS_DIR; };
		A06D4F762990080100E93979 /* EngVocabTests.swift */ = {isa = PBXFileReference; lastKnownFileType = sourcecode.swift; path = EngVocabTests.swift; sourceTree = "<group>"; };
		A06D4F7C2990080100E93979 /* EngVocabUITests.xctest */ = {isa = PBXFileReference; explicitFileType = wrapper.cfbundle; includeInIndex = 0; path = EngVocabUITests.xctest; sourceTree = BUILT_PRODUCTS_DIR; };
		A06D4F802990080100E93979 /* EngVocabUITests.swift */ = {isa = PBXFileReference; lastKnownFileType = sourcecode.swift; path = EngVocabUITests.swift; sourceTree = "<group>"; };
		A06D4F822990080100E93979 /* EngVocabUITestsLaunchTests.swift */ = {isa = PBXFileReference; lastKnownFileType = sourcecode.swift; path = EngVocabUITestsLaunchTests.swift; sourceTree = "<group>"; };
		A45E5905D83054DA9344FF4D /* Pods-EngVocabTests.release.xcconfig */ = {isa = PBXFileReference; includeInIndex = 1; lastKnownFileType = text.xcconfig; name = "Pods-EngVocabTests.release.xcconfig"; path = "Target Support Files/Pods-EngVocabTests/Pods-EngVocabTests.release.xcconfig"; sourceTree = "<group>"; };
		AB2E66EEEBC4C4282143DFED /* Pods-EngVocab.release.xcconfig */ = {isa = PBXFileReference; includeInIndex = 1; lastKnownFileType = text.xcconfig; name = "Pods-EngVocab.release.xcconfig"; path = "Target Support Files/Pods-EngVocab/Pods-EngVocab.release.xcconfig"; sourceTree = "<group>"; };
		BD038416C01A5497F0405215 /* Pods-EngVocabTests.debug.xcconfig */ = {isa = PBXFileReference; includeInIndex = 1; lastKnownFileType = text.xcconfig; name = "Pods-EngVocabTests.debug.xcconfig"; path = "Target Support Files/Pods-EngVocabTests/Pods-EngVocabTests.debug.xcconfig"; sourceTree = "<group>"; };
		E9FA2C6131D8B6A060AE719D /* Pods_EngVocabTests.framework */ = {isa = PBXFileReference; explicitFileType = wrapper.framework; includeInIndex = 0; path = Pods_EngVocabTests.framework; sourceTree = BUILT_PRODUCTS_DIR; };
/* End PBXFileReference section */

/* Begin PBXFrameworksBuildPhase section */
		A06D4F592990080000E93979 /* Frameworks */ = {
			isa = PBXFrameworksBuildPhase;
			buildActionMask = 2147483647;
			files = (
				150A86CD2A2AC6A3D5CCD419 /* Pods_EngVocab.framework in Frameworks */,
			);
			runOnlyForDeploymentPostprocessing = 0;
		};
		A06D4F6F2990080100E93979 /* Frameworks */ = {
			isa = PBXFrameworksBuildPhase;
			buildActionMask = 2147483647;
			files = (
				6AEF4C4029AB3782DFA26554 /* Pods_EngVocabTests.framework in Frameworks */,
			);
			runOnlyForDeploymentPostprocessing = 0;
		};
		A06D4F792990080100E93979 /* Frameworks */ = {
			isa = PBXFrameworksBuildPhase;
			buildActionMask = 2147483647;
			files = (
				E7C10353F37C769A256FA101 /* Pods_EngVocab_EngVocabUITests.framework in Frameworks */,
			);
			runOnlyForDeploymentPostprocessing = 0;
		};
/* End PBXFrameworksBuildPhase section */

/* Begin PBXGroup section */
		479636F0C94E841AE48AC44D /* Frameworks */ = {
			isa = PBXGroup;
			children = (
				2E8DAFC8B402809506193651 /* Pods_EngVocab.framework */,
				6385835E9AEC46F2D45B655D /* Pods_EngVocab_EngVocabUITests.framework */,
				E9FA2C6131D8B6A060AE719D /* Pods_EngVocabTests.framework */,
			);
			name = Frameworks;
			sourceTree = "<group>";
		};
		99795902781855FE00ECB3E0 /* Pods */ = {
			isa = PBXGroup;
			children = (
				17A603A30BED6834727E4D5E /* Pods-EngVocab.debug.xcconfig */,
				AB2E66EEEBC4C4282143DFED /* Pods-EngVocab.release.xcconfig */,
				3BA2E4253C67AA6A76DE6BCA /* Pods-EngVocab-EngVocabUITests.debug.xcconfig */,
				6043781C9CB334048A8F0C67 /* Pods-EngVocab-EngVocabUITests.release.xcconfig */,
				BD038416C01A5497F0405215 /* Pods-EngVocabTests.debug.xcconfig */,
				A45E5905D83054DA9344FF4D /* Pods-EngVocabTests.release.xcconfig */,
			);
			name = Pods;
			path = Pods;
			sourceTree = "<group>";
		};
		A06D4F532990080000E93979 = {
			isa = PBXGroup;
			children = (
				A06D4F5E2990080000E93979 /* EngVocab */,
				A06D4F752990080100E93979 /* EngVocabTests */,
				A06D4F7F2990080100E93979 /* EngVocabUITests */,
				A06D4F5D2990080000E93979 /* Products */,
				99795902781855FE00ECB3E0 /* Pods */,
				479636F0C94E841AE48AC44D /* Frameworks */,
			);
			sourceTree = "<group>";
		};
		A06D4F5D2990080000E93979 /* Products */ = {
			isa = PBXGroup;
			children = (
				A06D4F5C2990080000E93979 /* EngVocab.app */,
				A06D4F722990080100E93979 /* EngVocabTests.xctest */,
				A06D4F7C2990080100E93979 /* EngVocabUITests.xctest */,
			);
			name = Products;
			sourceTree = "<group>";
		};
		A06D4F5E2990080000E93979 /* EngVocab */ = {
			isa = PBXGroup;
			children = (
				A06D4F5F2990080000E93979 /* AppDelegate.swift */,
				A06D4F612990080000E93979 /* SceneDelegate.swift */,
				A06D4F632990080000E93979 /* ViewController.swift */,
				A06D4F652990080000E93979 /* Main.storyboard */,
				A06D4F682990080100E93979 /* Assets.xcassets */,
				A06D4F6A2990080100E93979 /* LaunchScreen.storyboard */,
				A06D4F6D2990080100E93979 /* Info.plist */,
			);
			path = EngVocab;
			sourceTree = "<group>";
		};
		A06D4F752990080100E93979 /* EngVocabTests */ = {
			isa = PBXGroup;
			children = (
				A06D4F762990080100E93979 /* EngVocabTests.swift */,
			);
			path = EngVocabTests;
			sourceTree = "<group>";
		};
		A06D4F7F2990080100E93979 /* EngVocabUITests */ = {
			isa = PBXGroup;
			children = (
				A06D4F802990080100E93979 /* EngVocabUITests.swift */,
				A06D4F822990080100E93979 /* EngVocabUITestsLaunchTests.swift */,
			);
			path = EngVocabUITests;
			sourceTree = "<group>";
		};
/* End PBXGroup section */

/* Begin PBXNativeTarget section */
		A06D4F5B2990080000E93979 /* EngVocab */ = {
			isa = PBXNativeTarget;
			buildConfigurationList = A06D4F862990080100E93979 /* Build configuration list for PBXNativeTarget "EngVocab" */;
			buildPhases = (
				725528F9F1C358479CF3B72E /* [CP] Check Pods Manifest.lock */,
				A06D4F582990080000E93979 /* Sources */,
				A06D4F592990080000E93979 /* Frameworks */,
				A06D4F5A2990080000E93979 /* Resources */,
				600EF0CE532F5275C16ABD9B /* [CP] Embed Pods Frameworks */,
			);
			buildRules = (
			);
			dependencies = (
			);
			name = EngVocab;
			productName = EngVocab;
			productReference = A06D4F5C2990080000E93979 /* EngVocab.app */;
			productType = "com.apple.product-type.application";
		};
		A06D4F712990080100E93979 /* EngVocabTests */ = {
			isa = PBXNativeTarget;
			buildConfigurationList = A06D4F892990080100E93979 /* Build configuration list for PBXNativeTarget "EngVocabTests" */;
			buildPhases = (
				3DEF5E37677603E030A88492 /* [CP] Check Pods Manifest.lock */,
				A06D4F6E2990080100E93979 /* Sources */,
				A06D4F6F2990080100E93979 /* Frameworks */,
				A06D4F702990080100E93979 /* Resources */,
			);
			buildRules = (
			);
			dependencies = (
				A06D4F742990080100E93979 /* PBXTargetDependency */,
			);
			name = EngVocabTests;
			productName = EngVocabTests;
			productReference = A06D4F722990080100E93979 /* EngVocabTests.xctest */;
			productType = "com.apple.product-type.bundle.unit-test";
		};
		A06D4F7B2990080100E93979 /* EngVocabUITests */ = {
			isa = PBXNativeTarget;
			buildConfigurationList = A06D4F8C2990080100E93979 /* Build configuration list for PBXNativeTarget "EngVocabUITests" */;
			buildPhases = (
				53D35A5228E2441FBE79FBE9 /* [CP] Check Pods Manifest.lock */,
				A06D4F782990080100E93979 /* Sources */,
				A06D4F792990080100E93979 /* Frameworks */,
				A06D4F7A2990080100E93979 /* Resources */,
				57174939A88A84A076E1B1BA /* [CP] Embed Pods Frameworks */,
			);
			buildRules = (
			);
			dependencies = (
				A06D4F7E2990080100E93979 /* PBXTargetDependency */,
			);
			name = EngVocabUITests;
			productName = EngVocabUITests;
			productReference = A06D4F7C2990080100E93979 /* EngVocabUITests.xctest */;
			productType = "com.apple.product-type.bundle.ui-testing";
		};
/* End PBXNativeTarget section */

/* Begin PBXProject section */
		A06D4F542990080000E93979 /* Project object */ = {
			isa = PBXProject;
			attributes = {
				BuildIndependentTargetsInParallel = 1;
				LastSwiftUpdateCheck = 1420;
				LastUpgradeCheck = 1420;
				TargetAttributes = {
					A06D4F5B2990080000E93979 = {
						CreatedOnToolsVersion = 14.2;
					};
					A06D4F712990080100E93979 = {
						CreatedOnToolsVersion = 14.2;
						TestTargetID = A06D4F5B2990080000E93979;
					};
					A06D4F7B2990080100E93979 = {
						CreatedOnToolsVersion = 14.2;
						TestTargetID = A06D4F5B2990080000E93979;
					};
				};
			};
			buildConfigurationList = A06D4F572990080000E93979 /* Build configuration list for PBXProject "EngVocab" */;
			compatibilityVersion = "Xcode 14.0";
			developmentRegion = en;
			hasScannedForEncodings = 0;
			knownRegions = (
				en,
				Base,
			);
			mainGroup = A06D4F532990080000E93979;
			productRefGroup = A06D4F5D2990080000E93979 /* Products */;
			projectDirPath = "";
			projectRoot = "";
			targets = (
				A06D4F5B2990080000E93979 /* EngVocab */,
				A06D4F712990080100E93979 /* EngVocabTests */,
				A06D4F7B2990080100E93979 /* EngVocabUITests */,
			);
		};
/* End PBXProject section */

/* Begin PBXResourcesBuildPhase section */
		A06D4F5A2990080000E93979 /* Resources */ = {
			isa = PBXResourcesBuildPhase;
			buildActionMask = 2147483647;
			files = (
				A06D4F6C2990080100E93979 /* LaunchScreen.storyboard in Resources */,
				A06D4F692990080100E93979 /* Assets.xcassets in Resources */,
				A06D4F672990080000E93979 /* Main.storyboard in Resources */,
			);
			runOnlyForDeploymentPostprocessing = 0;
		};
		A06D4F702990080100E93979 /* Resources */ = {
			isa = PBXResourcesBuildPhase;
			buildActionMask = 2147483647;
			files = (
			);
			runOnlyForDeploymentPostprocessing = 0;
		};
		A06D4F7A2990080100E93979 /* Resources */ = {
			isa = PBXResourcesBuildPhase;
			buildActionMask = 2147483647;
			files = (
			);
			runOnlyForDeploymentPostprocessing = 0;
		};
/* End PBXResourcesBuildPhase section */

/* Begin PBXShellScriptBuildPhase section */
		3DEF5E37677603E030A88492 /* [CP] Check Pods Manifest.lock */ = {
			isa = PBXShellScriptBuildPhase;
			buildActionMask = 2147483647;
			files = (
			);
			inputFileListPaths = (
			);
			inputPaths = (
				"${PODS_PODFILE_DIR_PATH}/Podfile.lock",
				"${PODS_ROOT}/Manifest.lock",
			);
			name = "[CP] Check Pods Manifest.lock";
			outputFileListPaths = (
			);
			outputPaths = (
				"$(DERIVED_FILE_DIR)/Pods-EngVocabTests-checkManifestLockResult.txt",
			);
			runOnlyForDeploymentPostprocessing = 0;
			shellPath = /bin/sh;
			shellScript = "diff \"${PODS_PODFILE_DIR_PATH}/Podfile.lock\" \"${PODS_ROOT}/Manifest.lock\" > /dev/null\nif [ $? != 0 ] ; then\n    # print error to STDERR\n    echo \"error: The sandbox is not in sync with the Podfile.lock. Run 'pod install' or update your CocoaPods installation.\" >&2\n    exit 1\nfi\n# This output is used by Xcode 'outputs' to avoid re-running this script phase.\necho \"SUCCESS\" > \"${SCRIPT_OUTPUT_FILE_0}\"\n";
			showEnvVarsInLog = 0;
		};
		53D35A5228E2441FBE79FBE9 /* [CP] Check Pods Manifest.lock */ = {
			isa = PBXShellScriptBuildPhase;
			buildActionMask = 2147483647;
			files = (
			);
			inputFileListPaths = (
			);
			inputPaths = (
				"${PODS_PODFILE_DIR_PATH}/Podfile.lock",
				"${PODS_ROOT}/Manifest.lock",
			);
			name = "[CP] Check Pods Manifest.lock";
			outputFileListPaths = (
			);
			outputPaths = (
				"$(DERIVED_FILE_DIR)/Pods-EngVocab-EngVocabUITests-checkManifestLockResult.txt",
			);
			runOnlyForDeploymentPostprocessing = 0;
			shellPath = /bin/sh;
			shellScript = "diff \"${PODS_PODFILE_DIR_PATH}/Podfile.lock\" \"${PODS_ROOT}/Manifest.lock\" > /dev/null\nif [ $? != 0 ] ; then\n    # print error to STDERR\n    echo \"error: The sandbox is not in sync with the Podfile.lock. Run 'pod install' or update your CocoaPods installation.\" >&2\n    exit 1\nfi\n# This output is used by Xcode 'outputs' to avoid re-running this script phase.\necho \"SUCCESS\" > \"${SCRIPT_OUTPUT_FILE_0}\"\n";
			showEnvVarsInLog = 0;
		};
		57174939A88A84A076E1B1BA /* [CP] Embed Pods Frameworks */ = {
			isa = PBXShellScriptBuildPhase;
			buildActionMask = 2147483647;
			files = (
			);
			inputFileListPaths = (
				"${PODS_ROOT}/Target Support Files/Pods-EngVocab-EngVocabUITests/Pods-EngVocab-EngVocabUITests-frameworks-${CONFIGURATION}-input-files.xcfilelist",
			);
			name = "[CP] Embed Pods Frameworks";
			outputFileListPaths = (
				"${PODS_ROOT}/Target Support Files/Pods-EngVocab-EngVocabUITests/Pods-EngVocab-EngVocabUITests-frameworks-${CONFIGURATION}-output-files.xcfilelist",
			);
			runOnlyForDeploymentPostprocessing = 0;
			shellPath = /bin/sh;
			shellScript = "\"${PODS_ROOT}/Target Support Files/Pods-EngVocab-EngVocabUITests/Pods-EngVocab-EngVocabUITests-frameworks.sh\"\n";
			showEnvVarsInLog = 0;
		};
		600EF0CE532F5275C16ABD9B /* [CP] Embed Pods Frameworks */ = {
			isa = PBXShellScriptBuildPhase;
			buildActionMask = 2147483647;
			files = (
			);
			inputFileListPaths = (
				"${PODS_ROOT}/Target Support Files/Pods-EngVocab/Pods-EngVocab-frameworks-${CONFIGURATION}-input-files.xcfilelist",
			);
			name = "[CP] Embed Pods Frameworks";
			outputFileListPaths = (
				"${PODS_ROOT}/Target Support Files/Pods-EngVocab/Pods-EngVocab-frameworks-${CONFIGURATION}-output-files.xcfilelist",
			);
			runOnlyForDeploymentPostprocessing = 0;
			shellPath = /bin/sh;
			shellScript = "\"${PODS_ROOT}/Target Support Files/Pods-EngVocab/Pods-EngVocab-frameworks.sh\"\n";
			showEnvVarsInLog = 0;
		};
		725528F9F1C358479CF3B72E /* [CP] Check Pods Manifest.lock */ = {
			isa = PBXShellScriptBuildPhase;
			buildActionMask = 2147483647;
			files = (
			);
			inputFileListPaths = (
			);
			inputPaths = (
				"${PODS_PODFILE_DIR_PATH}/Podfile.lock",
				"${PODS_ROOT}/Manifest.lock",
			);
			name = "[CP] Check Pods Manifest.lock";
			outputFileListPaths = (
			);
			outputPaths = (
				"$(DERIVED_FILE_DIR)/Pods-EngVocab-checkManifestLockResult.txt",
			);
			runOnlyForDeploymentPostprocessing = 0;
			shellPath = /bin/sh;
			shellScript = "diff \"${PODS_PODFILE_DIR_PATH}/Podfile.lock\" \"${PODS_ROOT}/Manifest.lock\" > /dev/null\nif [ $? != 0 ] ; then\n    # print error to STDERR\n    echo \"error: The sandbox is not in sync with the Podfile.lock. Run 'pod install' or update your CocoaPods installation.\" >&2\n    exit 1\nfi\n# This output is used by Xcode 'outputs' to avoid re-running this script phase.\necho \"SUCCESS\" > \"${SCRIPT_OUTPUT_FILE_0}\"\n";
			showEnvVarsInLog = 0;
		};
/* End PBXShellScriptBuildPhase section */

/* Begin PBXSourcesBuildPhase section */
		A06D4F582990080000E93979 /* Sources */ = {
			isa = PBXSourcesBuildPhase;
			buildActionMask = 2147483647;
			files = (
				A06D4F642990080000E93979 /* ViewController.swift in Sources */,
				A06D4F602990080000E93979 /* AppDelegate.swift in Sources */,
				A06D4F622990080000E93979 /* SceneDelegate.swift in Sources */,
			);
			runOnlyForDeploymentPostprocessing = 0;
		};
		A06D4F6E2990080100E93979 /* Sources */ = {
			isa = PBXSourcesBuildPhase;
			buildActionMask = 2147483647;
			files = (
				A06D4F772990080100E93979 /* EngVocabTests.swift in Sources */,
			);
			runOnlyForDeploymentPostprocessing = 0;
		};
		A06D4F782990080100E93979 /* Sources */ = {
			isa = PBXSourcesBuildPhase;
			buildActionMask = 2147483647;
			files = (
				A06D4F832990080100E93979 /* EngVocabUITestsLaunchTests.swift in Sources */,
				A06D4F812990080100E93979 /* EngVocabUITests.swift in Sources */,
			);
			runOnlyForDeploymentPostprocessing = 0;
		};
/* End PBXSourcesBuildPhase section */

/* Begin PBXTargetDependency section */
		A06D4F742990080100E93979 /* PBXTargetDependency */ = {
			isa = PBXTargetDependency;
			target = A06D4F5B2990080000E93979 /* EngVocab */;
			targetProxy = A06D4F732990080100E93979 /* PBXContainerItemProxy */;
		};
		A06D4F7E2990080100E93979 /* PBXTargetDependency */ = {
			isa = PBXTargetDependency;
			target = A06D4F5B2990080000E93979 /* EngVocab */;
			targetProxy = A06D4F7D2990080100E93979 /* PBXContainerItemProxy */;
		};
/* End PBXTargetDependency section */

/* Begin PBXVariantGroup section */
		A06D4F652990080000E93979 /* Main.storyboard */ = {
			isa = PBXVariantGroup;
			children = (
				A06D4F662990080000E93979 /* Base */,
			);
			name = Main.storyboard;
			sourceTree = "<group>";
		};
		A06D4F6A2990080100E93979 /* LaunchScreen.storyboard */ = {
			isa = PBXVariantGroup;
			children = (
				A06D4F6B2990080100E93979 /* Base */,
			);
			name = LaunchScreen.storyboard;
			sourceTree = "<group>";
		};
/* End PBXVariantGroup section */

/* Begin XCBuildConfiguration section */
		A06D4F842990080100E93979 /* Debug */ = {
			isa = XCBuildConfiguration;
			buildSettings = {
				ALWAYS_SEARCH_USER_PATHS = NO;
				CLANG_ANALYZER_NONNULL = YES;
				CLANG_ANALYZER_NUMBER_OBJECT_CONVERSION = YES_AGGRESSIVE;
				CLANG_CXX_LANGUAGE_STANDARD = "gnu++20";
				CLANG_ENABLE_MODULES = YES;
				CLANG_ENABLE_OBJC_ARC = YES;
				CLANG_ENABLE_OBJC_WEAK = YES;
				CLANG_WARN_BLOCK_CAPTURE_AUTORELEASING = YES;
				CLANG_WARN_BOOL_CONVERSION = YES;
				CLANG_WARN_COMMA = YES;
				CLANG_WARN_CONSTANT_CONVERSION = YES;
				CLANG_WARN_DEPRECATED_OBJC_IMPLEMENTATIONS = YES;
				CLANG_WARN_DIRECT_OBJC_ISA_USAGE = YES_ERROR;
				CLANG_WARN_DOCUMENTATION_COMMENTS = YES;
				CLANG_WARN_EMPTY_BODY = YES;
				CLANG_WARN_ENUM_CONVERSION = YES;
				CLANG_WARN_INFINITE_RECURSION = YES;
				CLANG_WARN_INT_CONVERSION = YES;
				CLANG_WARN_NON_LITERAL_NULL_CONVERSION = YES;
				CLANG_WARN_OBJC_IMPLICIT_RETAIN_SELF = YES;
				CLANG_WARN_OBJC_LITERAL_CONVERSION = YES;
				CLANG_WARN_OBJC_ROOT_CLASS = YES_ERROR;
				CLANG_WARN_QUOTED_INCLUDE_IN_FRAMEWORK_HEADER = YES;
				CLANG_WARN_RANGE_LOOP_ANALYSIS = YES;
				CLANG_WARN_STRICT_PROTOTYPES = YES;
				CLANG_WARN_SUSPICIOUS_MOVE = YES;
				CLANG_WARN_UNGUARDED_AVAILABILITY = YES_AGGRESSIVE;
				CLANG_WARN_UNREACHABLE_CODE = YES;
				CLANG_WARN__DUPLICATE_METHOD_MATCH = YES;
				COPY_PHASE_STRIP = NO;
				DEBUG_INFORMATION_FORMAT = dwarf;
				ENABLE_STRICT_OBJC_MSGSEND = YES;
				ENABLE_TESTABILITY = YES;
				GCC_C_LANGUAGE_STANDARD = gnu11;
				GCC_DYNAMIC_NO_PIC = NO;
				GCC_NO_COMMON_BLOCKS = YES;
				GCC_OPTIMIZATION_LEVEL = 0;
				GCC_PREPROCESSOR_DEFINITIONS = (
					"DEBUG=1",
					"$(inherited)",
				);
				GCC_WARN_64_TO_32_BIT_CONVERSION = YES;
				GCC_WARN_ABOUT_RETURN_TYPE = YES_ERROR;
				GCC_WARN_UNDECLARED_SELECTOR = YES;
				GCC_WARN_UNINITIALIZED_AUTOS = YES_AGGRESSIVE;
				GCC_WARN_UNUSED_FUNCTION = YES;
				GCC_WARN_UNUSED_VARIABLE = YES;
				IPHONEOS_DEPLOYMENT_TARGET = 16.2;
				MTL_ENABLE_DEBUG_INFO = INCLUDE_SOURCE;
				MTL_FAST_MATH = YES;
				ONLY_ACTIVE_ARCH = YES;
				SDKROOT = iphoneos;
				SWIFT_ACTIVE_COMPILATION_CONDITIONS = DEBUG;
				SWIFT_OPTIMIZATION_LEVEL = "-Onone";
			};
			name = Debug;
		};
		A06D4F852990080100E93979 /* Release */ = {
			isa = XCBuildConfiguration;
			buildSettings = {
				ALWAYS_SEARCH_USER_PATHS = NO;
				CLANG_ANALYZER_NONNULL = YES;
				CLANG_ANALYZER_NUMBER_OBJECT_CONVERSION = YES_AGGRESSIVE;
				CLANG_CXX_LANGUAGE_STANDARD = "gnu++20";
				CLANG_ENABLE_MODULES = YES;
				CLANG_ENABLE_OBJC_ARC = YES;
				CLANG_ENABLE_OBJC_WEAK = YES;
				CLANG_WARN_BLOCK_CAPTURE_AUTORELEASING = YES;
				CLANG_WARN_BOOL_CONVERSION = YES;
				CLANG_WARN_COMMA = YES;
				CLANG_WARN_CONSTANT_CONVERSION = YES;
				CLANG_WARN_DEPRECATED_OBJC_IMPLEMENTATIONS = YES;
				CLANG_WARN_DIRECT_OBJC_ISA_USAGE = YES_ERROR;
				CLANG_WARN_DOCUMENTATION_COMMENTS = YES;
				CLANG_WARN_EMPTY_BODY = YES;
				CLANG_WARN_ENUM_CONVERSION = YES;
				CLANG_WARN_INFINITE_RECURSION = YES;
				CLANG_WARN_INT_CONVERSION = YES;
				CLANG_WARN_NON_LITERAL_NULL_CONVERSION = YES;
				CLANG_WARN_OBJC_IMPLICIT_RETAIN_SELF = YES;
				CLANG_WARN_OBJC_LITERAL_CONVERSION = YES;
				CLANG_WARN_OBJC_ROOT_CLASS = YES_ERROR;
				CLANG_WARN_QUOTED_INCLUDE_IN_FRAMEWORK_HEADER = YES;
				CLANG_WARN_RANGE_LOOP_ANALYSIS = YES;
				CLANG_WARN_STRICT_PROTOTYPES = YES;
				CLANG_WARN_SUSPICIOUS_MOVE = YES;
				CLANG_WARN_UNGUARDED_AVAILABILITY = YES_AGGRESSIVE;
				CLANG_WARN_UNREACHABLE_CODE = YES;
				CLANG_WARN__DUPLICATE_METHOD_MATCH = YES;
				COPY_PHASE_STRIP = NO;
				DEBUG_INFORMATION_FORMAT = "dwarf-with-dsym";
				ENABLE_NS_ASSERTIONS = NO;
				ENABLE_STRICT_OBJC_MSGSEND = YES;
				GCC_C_LANGUAGE_STANDARD = gnu11;
				GCC_NO_COMMON_BLOCKS = YES;
				GCC_WARN_64_TO_32_BIT_CONVERSION = YES;
				GCC_WARN_ABOUT_RETURN_TYPE = YES_ERROR;
				GCC_WARN_UNDECLARED_SELECTOR = YES;
				GCC_WARN_UNINITIALIZED_AUTOS = YES_AGGRESSIVE;
				GCC_WARN_UNUSED_FUNCTION = YES;
				GCC_WARN_UNUSED_VARIABLE = YES;
				IPHONEOS_DEPLOYMENT_TARGET = 16.2;
				MTL_ENABLE_DEBUG_INFO = NO;
				MTL_FAST_MATH = YES;
				SDKROOT = iphoneos;
				SWIFT_COMPILATION_MODE = wholemodule;
				SWIFT_OPTIMIZATION_LEVEL = "-O";
				VALIDATE_PRODUCT = YES;
			};
			name = Release;
		};
		A06D4F872990080100E93979 /* Debug */ = {
			isa = XCBuildConfiguration;
			baseConfigurationReference = 17A603A30BED6834727E4D5E /* Pods-EngVocab.debug.xcconfig */;
			buildSettings = {
				ASSETCATALOG_COMPILER_APPICON_NAME = AppIcon;
				ASSETCATALOG_COMPILER_GLOBAL_ACCENT_COLOR_NAME = AccentColor;
				CODE_SIGN_STYLE = Automatic;
				CURRENT_PROJECT_VERSION = 1;
				DEVELOPMENT_TEAM = TR3J5S5CGX;
				GENERATE_INFOPLIST_FILE = YES;
				INFOPLIST_FILE = EngVocab/Info.plist;
				INFOPLIST_KEY_CFBundleDisplayName = EngVocab;
				INFOPLIST_KEY_LSApplicationCategoryType = "public.app-category.education";
				INFOPLIST_KEY_UIApplicationSupportsIndirectInputEvents = YES;
				INFOPLIST_KEY_UILaunchStoryboardName = LaunchScreen;
				INFOPLIST_KEY_UIMainStoryboardFile = Main;
				INFOPLIST_KEY_UIRequiresFullScreen = YES;
				INFOPLIST_KEY_UISupportedInterfaceOrientations = UIInterfaceOrientationPortrait;
				IPHONEOS_DEPLOYMENT_TARGET = 15.5;
				LD_RUNPATH_SEARCH_PATHS = (
					"$(inherited)",
					"@executable_path/Frameworks",
				);
				MARKETING_VERSION = 1.0;
				PRODUCT_BUNDLE_IDENTIFIER = com.hieunguyen.eng.vocab;
				PRODUCT_NAME = "$(TARGET_NAME)";
				SUPPORTED_PLATFORMS = "iphoneos iphonesimulator";
				SUPPORTS_MACCATALYST = NO;
				SUPPORTS_MAC_DESIGNED_FOR_IPHONE_IPAD = YES;
				SWIFT_EMIT_LOC_STRINGS = YES;
				SWIFT_VERSION = 5.0;
				TARGETED_DEVICE_FAMILY = "1,2";
			};
			name = Debug;
		};
		A06D4F882990080100E93979 /* Release */ = {
			isa = XCBuildConfiguration;
			baseConfigurationReference = AB2E66EEEBC4C4282143DFED /* Pods-EngVocab.release.xcconfig */;
			buildSettings = {
				ASSETCATALOG_COMPILER_APPICON_NAME = AppIcon;
				ASSETCATALOG_COMPILER_GLOBAL_ACCENT_COLOR_NAME = AccentColor;
				CODE_SIGN_STYLE = Automatic;
				CURRENT_PROJECT_VERSION = 1;
				DEVELOPMENT_TEAM = TR3J5S5CGX;
				GENERATE_INFOPLIST_FILE = YES;
				INFOPLIST_FILE = EngVocab/Info.plist;
				INFOPLIST_KEY_CFBundleDisplayName = EngVocab;
				INFOPLIST_KEY_LSApplicationCategoryType = "public.app-category.education";
				INFOPLIST_KEY_UIApplicationSupportsIndirectInputEvents = YES;
				INFOPLIST_KEY_UILaunchStoryboardName = LaunchScreen;
				INFOPLIST_KEY_UIMainStoryboardFile = Main;
				INFOPLIST_KEY_UIRequiresFullScreen = YES;
				INFOPLIST_KEY_UISupportedInterfaceOrientations = UIInterfaceOrientationPortrait;
				IPHONEOS_DEPLOYMENT_TARGET = 15.5;
				LD_RUNPATH_SEARCH_PATHS = (
					"$(inherited)",
					"@executable_path/Frameworks",
				);
				MARKETING_VERSION = 1.0;
				PRODUCT_BUNDLE_IDENTIFIER = com.hieunguyen.eng.vocab;
				PRODUCT_NAME = "$(TARGET_NAME)";
				SUPPORTED_PLATFORMS = "iphoneos iphonesimulator";
				SUPPORTS_MACCATALYST = NO;
				SUPPORTS_MAC_DESIGNED_FOR_IPHONE_IPAD = YES;
				SWIFT_EMIT_LOC_STRINGS = YES;
				SWIFT_VERSION = 5.0;
				TARGETED_DEVICE_FAMILY = "1,2";
			};
			name = Release;
		};
		A06D4F8A2990080100E93979 /* Debug */ = {
			isa = XCBuildConfiguration;
			baseConfigurationReference = BD038416C01A5497F0405215 /* Pods-EngVocabTests.debug.xcconfig */;
			buildSettings = {
				ALWAYS_EMBED_SWIFT_STANDARD_LIBRARIES = YES;
				BUNDLE_LOADER = "$(TEST_HOST)";
				CODE_SIGN_STYLE = Automatic;
				CURRENT_PROJECT_VERSION = 1;
				DEVELOPMENT_TEAM = TR3J5S5CGX;
				GENERATE_INFOPLIST_FILE = YES;
				IPHONEOS_DEPLOYMENT_TARGET = 16.2;
				MARKETING_VERSION = 1.0;
				PRODUCT_BUNDLE_IDENTIFIER = com.hieunguyen.eng.vocab.EngVocabTests;
				PRODUCT_NAME = "$(TARGET_NAME)";
				SWIFT_EMIT_LOC_STRINGS = NO;
				SWIFT_VERSION = 5.0;
				TARGETED_DEVICE_FAMILY = "1,2";
				TEST_HOST = "$(BUILT_PRODUCTS_DIR)/EngVocab.app/$(BUNDLE_EXECUTABLE_FOLDER_PATH)/EngVocab";
			};
			name = Debug;
		};
		A06D4F8B2990080100E93979 /* Release */ = {
			isa = XCBuildConfiguration;
			baseConfigurationReference = A45E5905D83054DA9344FF4D /* Pods-EngVocabTests.release.xcconfig */;
			buildSettings = {
				ALWAYS_EMBED_SWIFT_STANDARD_LIBRARIES = YES;
				BUNDLE_LOADER = "$(TEST_HOST)";
				CODE_SIGN_STYLE = Automatic;
				CURRENT_PROJECT_VERSION = 1;
				DEVELOPMENT_TEAM = TR3J5S5CGX;
				GENERATE_INFOPLIST_FILE = YES;
				IPHONEOS_DEPLOYMENT_TARGET = 16.2;
				MARKETING_VERSION = 1.0;
				PRODUCT_BUNDLE_IDENTIFIER = com.hieunguyen.eng.vocab.EngVocabTests;
				PRODUCT_NAME = "$(TARGET_NAME)";
				SWIFT_EMIT_LOC_STRINGS = NO;
				SWIFT_VERSION = 5.0;
				TARGETED_DEVICE_FAMILY = "1,2";
				TEST_HOST = "$(BUILT_PRODUCTS_DIR)/EngVocab.app/$(BUNDLE_EXECUTABLE_FOLDER_PATH)/EngVocab";
			};
			name = Release;
		};
		A06D4F8D2990080100E93979 /* Debug */ = {
			isa = XCBuildConfiguration;
			baseConfigurationReference = 3BA2E4253C67AA6A76DE6BCA /* Pods-EngVocab-EngVocabUITests.debug.xcconfig */;
			buildSettings = {
				ALWAYS_EMBED_SWIFT_STANDARD_LIBRARIES = YES;
				CODE_SIGN_STYLE = Automatic;
				CURRENT_PROJECT_VERSION = 1;
				DEVELOPMENT_TEAM = TR3J5S5CGX;
				GENERATE_INFOPLIST_FILE = YES;
				MARKETING_VERSION = 1.0;
				PRODUCT_BUNDLE_IDENTIFIER = com.hieunguyen.eng.vocab.EngVocabUITests;
				PRODUCT_NAME = "$(TARGET_NAME)";
				SWIFT_EMIT_LOC_STRINGS = NO;
				SWIFT_VERSION = 5.0;
				TARGETED_DEVICE_FAMILY = "1,2";
				TEST_TARGET_NAME = EngVocab;
			};
			name = Debug;
		};
		A06D4F8E2990080100E93979 /* Release */ = {
			isa = XCBuildConfiguration;
			baseConfigurationReference = 6043781C9CB334048A8F0C67 /* Pods-EngVocab-EngVocabUITests.release.xcconfig */;
			buildSettings = {
				ALWAYS_EMBED_SWIFT_STANDARD_LIBRARIES = YES;
				CODE_SIGN_STYLE = Automatic;
				CURRENT_PROJECT_VERSION = 1;
				DEVELOPMENT_TEAM = TR3J5S5CGX;
				GENERATE_INFOPLIST_FILE = YES;
				MARKETING_VERSION = 1.0;
				PRODUCT_BUNDLE_IDENTIFIER = com.hieunguyen.eng.vocab.EngVocabUITests;
				PRODUCT_NAME = "$(TARGET_NAME)";
				SWIFT_EMIT_LOC_STRINGS = NO;
				SWIFT_VERSION = 5.0;
				TARGETED_DEVICE_FAMILY = "1,2";
				TEST_TARGET_NAME = EngVocab;
			};
			name = Release;
		};
/* End XCBuildConfiguration section */

/* Begin XCConfigurationList section */
		A06D4F572990080000E93979 /* Build configuration list for PBXProject "EngVocab" */ = {
			isa = XCConfigurationList;
			buildConfigurations = (
				A06D4F842990080100E93979 /* Debug */,
				A06D4F852990080100E93979 /* Release */,
			);
			defaultConfigurationIsVisible = 0;
			defaultConfigurationName = Release;
		};
		A06D4F862990080100E93979 /* Build configuration list for PBXNativeTarget "EngVocab" */ = {
			isa = XCConfigurationList;
			buildConfigurations = (
				A06D4F872990080100E93979 /* Debug */,
				A06D4F882990080100E93979 /* Release */,
			);
			defaultConfigurationIsVisible = 0;
			defaultConfigurationName = Release;
		};
		A06D4F892990080100E93979 /* Build configuration list for PBXNativeTarget "EngVocabTests" */ = {
			isa = XCConfigurationList;
			buildConfigurations = (
				A06D4F8A2990080100E93979 /* Debug */,
				A06D4F8B2990080100E93979 /* Release */,
			);
			defaultConfigurationIsVisible = 0;
			defaultConfigurationName = Release;
		};
		A06D4F8C2990080100E93979 /* Build configuration list for PBXNativeTarget "EngVocabUITests" */ = {
			isa = XCConfigurationList;
			buildConfigurations = (
				A06D4F8D2990080100E93979 /* Debug */,
				A06D4F8E2990080100E93979 /* Release */,
			);
			defaultConfigurationIsVisible = 0;
			defaultConfigurationName = Release;
		};
/* End XCConfigurationList section */
	};
	rootObject = A06D4F542990080000E93979 /* Project object */;
}
